
Microsoft Visual Studio Solution File, Format Version 12.00
# Visual Studio 15
VisualStudioVersion = 15.0.27703.2026
MinimumVisualStudioVersion = 10.0.40219.1
Project("{FAE04EC0-301F-11D3-BF4B-00C04F79EFBC}") = "Jarvis", "Jarvis\Jarvis.csproj", "{69F7041E-FDAB-4E04-9AA6-2D4BAB8CF486}"
EndProject
Global
	GlobalSection(SolutionConfigurationPlatforms) = preSolution
		Debug|Any CPU = Debug|Any CPU
		Release|Any CPU = Release|Any CPU
	EndGlobalSection
	GlobalSection(ProjectConfigurationPlatforms) = postSolution
		{69F7041E-FDAB-4E04-9AA6-2D4BAB8CF486}.Debug|Any CPU.ActiveCfg = Debug|Any CPU
		{69F7041E-FDAB-4E04-9AA6-2D4BAB8CF486}.Debug|Any CPU.Build.0 = Debug|Any CPU
		{69F7041E-FDAB-4E04-9AA6-2D4BAB8CF486}.Release|Any CPU.ActiveCfg = Release|Any CPU
		{69F7041E-FDAB-4E04-9AA6-2D4BAB8CF486}.Release|Any CPU.Build.0 = Release|Any CPU
	EndGlobalSection
	GlobalSection(SolutionProperties) = preSolution
		HideSolutionNode = FALSE
	EndGlobalSection
	GlobalSection(ExtensibilityGlobals) = postSolution
		SolutionGuid = {3C5F45C5-F19A-47DC-9498-94CD3323DC03}
	EndGlobalSection
EndGlobal
